{
  "projects": [
    {
      "projectId": "YUiM7yqBWAqsh8KSnrdj7",
      "version": "0.30.0",
      "dependencies": {},
      "lang": "ts",
      "fileLocks": [
        {
          "assetId": "YUiM7yqBWAqsh8KSnrdj7",
          "type": "projectCss",
          "checksum": "dac72600b04b6e6a3014e82512a15fe1"
        }
      ],
      "codegenVersion": "0.0.1"
    },
    {
      "projectId": "ohDidvG9XsCeFumugENU3J",
      "version": "6.26.0",
      "dependencies": {},
      "lang": "ts",
      "fileLocks": [
        {
          "assetId": "ohDidvG9XsCeFumugENU3J",
          "type": "projectCss",
          "checksum": "fd83b730367fdbde2c69bc6cf31c2a3c"
        },
        {
          "assetId": "ohDidvG9XsCeFumugENU3J",
          "checksum": "de0a0e65174a6a185a8f822af51c6bdd",
          "type": "globalContexts"
        }
      ],
      "codegenVersion": "0.0.1"
    },
    {
      "projectId": "kS7YGZfVr6mU43XDQjXELc",
      "version": "0.16.0",
      "dependencies": {},
      "lang": "ts",
      "fileLocks": [
        {
          "assetId": "kS7YGZfVr6mU43XDQjXELc",
          "type": "projectCss",
          "checksum": "e1ec850476829c38b0f9b6d4f7ac446a"
        }
      ],
      "codegenVersion": "0.0.1"
    },
    {
      "projectId": "9Vr5YWkf3w7jj6SsTcCEta",
      "version": "0.11.0",
      "dependencies": {},
      "lang": "ts",
      "fileLocks": [
        {
          "assetId": "9Vr5YWkf3w7jj6SsTcCEta",
          "type": "projectCss",
          "checksum": "e1ec850476829c38b0f9b6d4f7ac446a"
        }
      ],
      "codegenVersion": "0.0.1"
    },
    {
      "projectId": "jkU633o1Cz7HrJdwdxhVHk",
      "version": "16.11.0",
      "dependencies": {},
      "lang": "ts",
      "fileLocks": [
        {
          "assetId": "jkU633o1Cz7HrJdwdxhVHk",
          "type": "projectCss",
          "checksum": "0581d4378bb1604bb5fe3f65bb0a37de"
        }
      ],
      "codegenVersion": "0.0.1"
    },
    {
      "projectId": "r6SzurXsLMJXPqEBWV3sKk",
      "version": "latest",
      "dependencies": {
        "jkU633o1Cz7HrJdwdxhVHk": "16.11.0",
        "9Vr5YWkf3w7jj6SsTcCEta": "0.11.0",
        "kS7YGZfVr6mU43XDQjXELc": "0.16.0",
        "ohDidvG9XsCeFumugENU3J": "6.26.0",
        "YUiM7yqBWAqsh8KSnrdj7": "0.30.0"
      },
      "lang": "ts",
      "fileLocks": [
        {
          "assetId": "r6SzurXsLMJXPqEBWV3sKk",
          "type": "projectCss",
          "checksum": "aaa6d7d4ae678e1c60d3e23202bc1efe"
        },
        {
          "assetId": "r6SzurXsLMJXPqEBWV3sKk",
          "checksum": "665ea8e516d6c9833e74491e8ebf6a29",
          "type": "globalContexts"
        },
        {
          "type": "renderModule",
          "assetId": "Gu2oVihXfE2_",
          "checksum": "77b1bc0cdac120d5c89de1250c6bbdb6"
        },
        {
          "type": "cssRules",
          "assetId": "Gu2oVihXfE2_",
          "checksum": "77b1bc0cdac120d5c89de1250c6bbdb6"
        },
        {
          "type": "renderModule",
          "assetId": "l7PfJ2noRmZC",
          "checksum": "17e411afa9e429480453a32826af84e1"
        },
        {
          "type": "cssRules",
          "assetId": "l7PfJ2noRmZC",
          "checksum": "17e411afa9e429480453a32826af84e1"
        },
        {
          "type": "renderModule",
          "assetId": "rETShnrZA2k5",
          "checksum": "9cd3dc77a0a2edde62da3920a87cb7bd"
        },
        {
          "type": "cssRules",
          "assetId": "rETShnrZA2k5",
          "checksum": "9cd3dc77a0a2edde62da3920a87cb7bd"
        },
        {
          "type": "renderModule",
          "assetId": "8V9ZObcqgPEi",
          "checksum": "619f0b475ed66cdaa60532ee1eab5529"
        },
        {
          "type": "cssRules",
          "assetId": "8V9ZObcqgPEi",
          "checksum": "619f0b475ed66cdaa60532ee1eab5529"
        },
        {
          "type": "renderModule",
          "assetId": "tfXGV_GyVRZh",
          "checksum": "63b32e2e5659e30bcd7d82b417d368fc"
        },
        {
          "type": "cssRules",
          "assetId": "tfXGV_GyVRZh",
          "checksum": "63b32e2e5659e30bcd7d82b417d368fc"
        },
        {
          "type": "renderModule",
          "assetId": "YUOb55aEbKz_",
          "checksum": "18d467621de8b1d5ffb5e0d35280f3d9"
        },
        {
          "type": "cssRules",
          "assetId": "YUOb55aEbKz_",
          "checksum": "18d467621de8b1d5ffb5e0d35280f3d9"
        },
        {
          "type": "renderModule",
          "assetId": "ZnawCEiEef_q",
          "checksum": "a86a0ecddf2d5b7085be64727c363351"
        },
        {
          "type": "cssRules",
          "assetId": "ZnawCEiEef_q",
          "checksum": "a86a0ecddf2d5b7085be64727c363351"
        },
        {
          "type": "renderModule",
          "assetId": "dTV8Muau-0Ko",
          "checksum": "fdd7ca31c3988fbb794d9533ca5c2e25"
        },
        {
          "type": "cssRules",
          "assetId": "dTV8Muau-0Ko",
          "checksum": "fdd7ca31c3988fbb794d9533ca5c2e25"
        },
        {
          "type": "renderModule",
          "assetId": "IBN4zaF7OPc9",
          "checksum": "6d7bae1f08bd3d44e4a08eea75d69385"
        },
        {
          "type": "cssRules",
          "assetId": "IBN4zaF7OPc9",
          "checksum": "6d7bae1f08bd3d44e4a08eea75d69385"
        },
        {
          "type": "icon",
          "assetId": "Qq1FXu4GY4-r",
          "checksum": "f2720e36da7e0e32570700a8c7f8b6ca"
        },
        {
          "type": "icon",
          "assetId": "7K_FDOqoJba3",
          "checksum": "45b47b05a49a2990201bbb96fe4ecfd1"
        },
        {
          "type": "icon",
          "assetId": "aw2UaLIhrGO2",
          "checksum": "6e20452aed42acff5e67cfc05a3110cd"
        },
        {
          "type": "icon",
          "assetId": "eqtnOhtw7ZiE",
          "checksum": "a36a03887a0a91bebf4999a36da03a67"
        },
        {
          "type": "icon",
          "assetId": "DRRm_xKvl14A",
          "checksum": "04c80da89f615e131d97ed3c179843c6"
        },
        {
          "type": "icon",
          "assetId": "juWnLfoPXxDv",
          "checksum": "0da3c182b363268445868a40397d0552"
        },
        {
          "type": "icon",
          "assetId": "FsxVFPzJpd-C",
          "checksum": "ecdf584f476d0eb628477dd6a161b104"
        },
        {
          "type": "icon",
          "assetId": "T7IGYKq__VTR",
          "checksum": "c6e70f4de7e23dfe1515f515b2e51ae8"
        },
        {
          "type": "icon",
          "assetId": "WOmSOpXg0eEn",
          "checksum": "8c504eb113d25ea69bd876037393d8df"
        },
        {
          "type": "icon",
          "assetId": "wfPky6TmqrUe",
          "checksum": "1ad0ae57944945d02b190051f82b4881"
        },
        {
          "type": "icon",
          "assetId": "qx50A4R5xmrm",
          "checksum": "de18e99bcc2a36cb23b77cca627de035"
        },
        {
          "type": "icon",
          "assetId": "zQEYmBuPGmVz",
          "checksum": "4cf40904b77d9b218da1422c82b0bc65"
        },
        {
          "type": "icon",
          "assetId": "eVhcJJNl8-b7",
          "checksum": "00ef37a7dce93a4b6723fab0ce70f0e8"
        },
        {
          "type": "icon",
          "assetId": "7D7N6nIRauGA",
          "checksum": "4438219d518eb01bf7a93aab2ac434a9"
        },
        {
          "type": "icon",
          "assetId": "2UXLPONuy7mc",
          "checksum": "24b2a21c2554f2a74949e16f4c12a2a7"
        },
        {
          "type": "icon",
          "assetId": "sCCAguVzPQDA",
          "checksum": "5f2f2c3d372b57241d2d58c382d64071"
        },
        {
          "type": "icon",
          "assetId": "3QmvDmBXHnG9",
          "checksum": "1c135176dc1db90a734d98cb7ac87611"
        },
        {
          "type": "icon",
          "assetId": "UUWj9injPhyG",
          "checksum": "910a3cfab6a435e1b51b44210d3ffa39"
        },
        {
          "type": "icon",
          "assetId": "cx6L0OpmU-y1",
          "checksum": "f0f8921a1920354f4e4117e96241d0f1"
        },
        {
          "type": "icon",
          "assetId": "zZNoJM_orqFk",
          "checksum": "e32cfd91883f14e217fc06950ce09cc6"
        },
        {
          "type": "icon",
          "assetId": "Hx89cmUv5jbJ",
          "checksum": "1e4b8887b0fdc7ebff0fe2bce8eed550"
        },
        {
          "type": "icon",
          "assetId": "F0c1k6saYDme",
          "checksum": "08c13dd87fccd3276ca20e539b4f235b"
        },
        {
          "type": "icon",
          "assetId": "sU0Yh1CTDNV-",
          "checksum": "57fc47a95b5f69a3e014d17ed3454fa5"
        },
        {
          "type": "icon",
          "assetId": "n0KU8aE9uHju",
          "checksum": "a279b2b35dabac2648a41ff96f0b7863"
        },
        {
          "type": "icon",
          "assetId": "AJBTncX-HTeu",
          "checksum": "ebb613d90dfa8f5147fe7d8a6c34abe0"
        },
        {
          "type": "icon",
          "assetId": "lD3Hayak8Hgu",
          "checksum": "199db9e59fc21f6f2cabe028d4506de9"
        },
        {
          "type": "icon",
          "assetId": "F0v3w1jZ6SOo",
          "checksum": "860028642333749639937dc587285bc9"
        },
        {
          "type": "icon",
          "assetId": "CxAsMboVw1N7",
          "checksum": "d0e1088240c0d9e3feb6a7cbd9754448"
        },
        {
          "type": "icon",
          "assetId": "bEXk_0HZMtO2",
          "checksum": "e6e981de27b19a834df74367403d7018"
        },
        {
          "type": "icon",
          "assetId": "EI8m-toAfM6M",
          "checksum": "25cae4cbdad6db23b38c2cacb4df5d7d"
        },
        {
          "type": "icon",
          "assetId": "5iaLzbFD9utC",
          "checksum": "1ea8d38dc4db841a9a3efe003685c033"
        },
        {
          "type": "icon",
          "assetId": "l6_0-xlGgX67",
          "checksum": "5b3b314efb91338ec28e0f65810984b6"
        },
        {
          "type": "icon",
          "assetId": "BE_MK6kthOzl",
          "checksum": "4a02ff33b89dd1ecb8ad8f847dcbd18b"
        },
        {
          "type": "icon",
          "assetId": "2RCwPKaQMWEd",
          "checksum": "7feacbae23604ca902b3f6dbf748c88d"
        },
        {
          "type": "icon",
          "assetId": "6bB01PBk1GMs",
          "checksum": "9fdf32e1b77897397a0e860875395c9a"
        },
        {
          "type": "icon",
          "assetId": "NpSwcoD7pkBo",
          "checksum": "445095345c0e5b809eca7c9f886b66e2"
        },
        {
          "type": "icon",
          "assetId": "lHI3azfnTdo9",
          "checksum": "10c41802df231bc2833b613ceb3cff0f"
        },
        {
          "type": "icon",
          "assetId": "Sy0cyDwQB0xv",
          "checksum": "974229abdc3c48271092f5314a973217"
        },
        {
          "type": "icon",
          "assetId": "TlAnVI7BZa2_",
          "checksum": "56e748b0ad0a5b879230b413aaa64072"
        },
        {
          "type": "icon",
          "assetId": "iulwypzvXCHo",
          "checksum": "efbdccf56696910fefdcb670571ca582"
        },
        {
          "type": "icon",
          "assetId": "hLYCx3gXdiBW",
          "checksum": "a44e63a4844c98a7007c224e3fc7f6bf"
        },
        {
          "type": "icon",
          "assetId": "cuXt77z8CWrD",
          "checksum": "9d96bc618cfd9f662576577dd604dd61"
        },
        {
          "type": "icon",
          "assetId": "BqKSsDprmb-o",
          "checksum": "3de69dbf145852774c5ec580366b54b8"
        },
        {
          "type": "icon",
          "assetId": "6DYifwJ-TTU5",
          "checksum": "6db24d2d0ddb5c1c946abb6cd19b21b3"
        },
        {
          "type": "icon",
          "assetId": "w69MBthjzFz4",
          "checksum": "b977a80d346e005803d10bc6395889be"
        },
        {
          "type": "icon",
          "assetId": "GIFSXg3dXzgM",
          "checksum": "090bc850cada1f4d9800247735605c24"
        },
        {
          "type": "icon",
          "assetId": "MTRcNBZjrxb7",
          "checksum": "e498161986bef7d75cd221d500eec2ce"
        },
        {
          "type": "icon",
          "assetId": "AqTgBt_3jN5G",
          "checksum": "979cce910e420ccc988eca8096a36faf"
        },
        {
          "type": "icon",
          "assetId": "XzJWuwjrRa5G",
          "checksum": "ace2520c4a5aa4e525467ac9fef14310"
        },
        {
          "type": "icon",
          "assetId": "7bHPuZxEfrdL",
          "checksum": "e5128e70a264c163ea2fb3770ed5121a"
        },
        {
          "type": "icon",
          "assetId": "eZM51A8KbbmE",
          "checksum": "37b4d4147c7d4b4e1c4bec3e25041bd1"
        },
        {
          "type": "icon",
          "assetId": "J7zZBi4JBZzt",
          "checksum": "9bee6ea1590a3e5f9fba36a3c557da59"
        },
        {
          "type": "icon",
          "assetId": "QqkrWwLJv09e",
          "checksum": "461ee3e7b4382f3217b1662ee78fffb1"
        },
        {
          "type": "icon",
          "assetId": "pLOxRINKqAi5",
          "checksum": "d9d07078c10c00a434ae82d4554d3232"
        },
        {
          "type": "icon",
          "assetId": "B1EEi84XW3H-",
          "checksum": "c164166876cee285f2629deed2446455"
        },
        {
          "type": "icon",
          "assetId": "AzVElw8aH14T",
          "checksum": "08cc207c8de9eefca854594f5a60ee13"
        },
        {
          "type": "icon",
          "assetId": "DCTaj4xsBylx",
          "checksum": "9fd230b29a56c36cf076c8f2f102d6ce"
        },
        {
          "type": "icon",
          "assetId": "1Yh_7-tY4G1d",
          "checksum": "f2e42e97ce30786619d3b1d5940946bb"
        },
        {
          "type": "icon",
          "assetId": "ojBJgKCDNwjO",
          "checksum": "4a9b5acdba904da42e0dccbd7ea0afe7"
        },
        {
          "type": "icon",
          "assetId": "DYxpmpV_kkRY",
          "checksum": "e2f1a1aa9df5ab229c54022a2164e446"
        },
        {
          "type": "icon",
          "assetId": "hTfq5-pOe_yN",
          "checksum": "94139e55a36d8271d5348a2c41146217"
        },
        {
          "type": "icon",
          "assetId": "mXysGID4_YRc",
          "checksum": "5d909b3d5560c7504143607b22d8d9a3"
        },
        {
          "type": "icon",
          "assetId": "Vt0OsREjETaB",
          "checksum": "f5085799f390f337f6c8ed8e21bf6803"
        },
        {
          "type": "icon",
          "assetId": "f7hIedboTuPX",
          "checksum": "c74ff49215e2da3e0c3f22c25dc6786a"
        },
        {
          "type": "icon",
          "assetId": "oo59eN_ZpzYi",
          "checksum": "a5658973205a0a6bb807b2d9f8a9f2bf"
        },
        {
          "type": "icon",
          "assetId": "biu3L_IxjPH9",
          "checksum": "8d04fcb6e722e87ca83315cca2e8f898"
        },
        {
          "type": "icon",
          "assetId": "UqYqazeIhhdM",
          "checksum": "2d05b36c090587be75b9e7c4b9c06619"
        },
        {
          "type": "icon",
          "assetId": "9ws9IjAVISV7",
          "checksum": "4e0d223d2344586c4beedf7b3b7f1f80"
        },
        {
          "type": "icon",
          "assetId": "xH2BAAGFlUKm",
          "checksum": "695cb7e4787646cf1bd11cbfe43ef10d"
        },
        {
          "type": "icon",
          "assetId": "oOxrUTFIZ_QO",
          "checksum": "ad2b6d7dc9eeb94c39683da31533a767"
        },
        {
          "type": "icon",
          "assetId": "yEEUAGVsttBk",
          "checksum": "866baf1190454fd7fd15fb15b917a170"
        },
        {
          "type": "icon",
          "assetId": "6G2s1qfqExM8",
          "checksum": "9be32b8685cada89af7d47f78bd2a91f"
        },
        {
          "type": "icon",
          "assetId": "YqvAB-iGhsop",
          "checksum": "aa403f95a04d58f9fc0701373d34cb07"
        },
        {
          "type": "icon",
          "assetId": "1oUVUIvekoKI",
          "checksum": "2a8c33d415e79ed72c8a8f8aec528a5e"
        },
        {
          "type": "icon",
          "assetId": "qSPtKbHY5-3N",
          "checksum": "978414154a4278e9d759845bfc1dc3f4"
        },
        {
          "type": "icon",
          "assetId": "PCUb0WS7kmX5",
          "checksum": "a03c7a910276de0dfae34ae3a93f7e31"
        },
        {
          "type": "icon",
          "assetId": "I8dj2mM7plTZ",
          "checksum": "494b504b97b53792d77b1c1a3d099080"
        },
        {
          "type": "icon",
          "assetId": "l77U53hNW0qL",
          "checksum": "173678156c0c618496793cddb02643ae"
        },
        {
          "type": "icon",
          "assetId": "du8kMLgdnbGv",
          "checksum": "10bff3971babb666448868b0f210e99c"
        },
        {
          "type": "icon",
          "assetId": "lQJ905EHg6Z6",
          "checksum": "6527f8fd781aa017fea8b66bd2d76e00"
        },
        {
          "type": "icon",
          "assetId": "FTHHoHy2jlbK",
          "checksum": "dbcb4e37c22c243bbef3bbc663ae9ea2"
        },
        {
          "type": "icon",
          "assetId": "6yUCqOuc6qaU",
          "checksum": "aaffd5bb5fff596decc24ea5114d101f"
        },
        {
          "type": "icon",
          "assetId": "nQk98hU9zP5h",
          "checksum": "0c5dc11094a77ebeba03cc02f4e8759b"
        },
        {
          "type": "icon",
          "assetId": "_t5Ki4hKOzYn",
          "checksum": "971f57021b34b294e130f84e9eeea5a6"
        },
        {
          "type": "icon",
          "assetId": "5IHOzBO3k3Gt",
          "checksum": "0b285d47ed8f63c90afaacc8c5d8e358"
        },
        {
          "type": "icon",
          "assetId": "8lOSd9se9IPt",
          "checksum": "bbb5ca8125961d7219543554d898c437"
        },
        {
          "type": "icon",
          "assetId": "gFhw3HkQISa_",
          "checksum": "a8efdca2e06e7704c4e756b76c534071"
        },
        {
          "type": "icon",
          "assetId": "JIdZsvGxUEvB",
          "checksum": "09018e6c1272f9e32471e4f3d021ec15"
        },
        {
          "type": "icon",
          "assetId": "JSV7VyFJEA1Q",
          "checksum": "4c1d8c10addf5982f4af906ed0bfac2b"
        },
        {
          "type": "icon",
          "assetId": "zhh8lGZ_nUpM",
          "checksum": "51ce8437f5dbb7965ffc3c60f26d8fff"
        },
        {
          "type": "icon",
          "assetId": "LYejgWH29HiN",
          "checksum": "f909e2ef2f090223e43f2162b40d4683"
        },
        {
          "type": "icon",
          "assetId": "wkeynW4LTUOS",
          "checksum": "f5cdeaa1d4ee31627d60b79bcd06531d"
        },
        {
          "type": "icon",
          "assetId": "XnGygv6GDN14",
          "checksum": "d097ad0a9497a3aaa4021a622915e15b"
        },
        {
          "type": "icon",
          "assetId": "wab0sOJB1KfE",
          "checksum": "6a6e42713d8aacd433e14b415b5bcb90"
        },
        {
          "type": "icon",
          "assetId": "afCnIsNlRZ2i",
          "checksum": "591a759d51a6b45278168e518ced10d9"
        },
        {
          "type": "icon",
          "assetId": "ea-Xa5ShTuVM",
          "checksum": "a67a3aeec8a1cfa8f49878b30ca35f4e"
        },
        {
          "type": "icon",
          "assetId": "nhRS2DGmyo2S",
          "checksum": "7197262b778fd19e1b5a0581746e4eca"
        },
        {
          "type": "icon",
          "assetId": "P0hwDvQpdy6N",
          "checksum": "7db62f973277d2bd47ddac475f5a98b8"
        },
        {
          "type": "icon",
          "assetId": "sHzeLrk8KwRZ",
          "checksum": "ff351e02613ae71fe99a8cf6f1552668"
        },
        {
          "type": "icon",
          "assetId": "-CMxuKN-z-sG",
          "checksum": "e2000e7d305ee963893fdcc236a474e5"
        },
        {
          "type": "icon",
          "assetId": "7PTqIf5FVmpe",
          "checksum": "602946d936010ff38731ca884d20e48e"
        },
        {
          "type": "icon",
          "assetId": "dgbTy4RS4dGE",
          "checksum": "7b291daac99b57b87253cb84aa677974"
        },
        {
          "type": "icon",
          "assetId": "7IBuC3b-1ExJ",
          "checksum": "603794ebe7d6771fb38ed9a522d809ff"
        },
        {
          "type": "icon",
          "assetId": "K9ata0AcwKzv",
          "checksum": "6e4a807ee9d0855683c2308e97fdc1e9"
        },
        {
          "type": "icon",
          "assetId": "e_gMMG1Twrmr",
          "checksum": "22a2e30d61e17db57508d9b36f690170"
        },
        {
          "type": "icon",
          "assetId": "YxFCtlrAQRqU",
          "checksum": "5b384e26dd03ff0f1cf8333a5868d37e"
        },
        {
          "type": "icon",
          "assetId": "-BHzunGrTRtS",
          "checksum": "2a78ead7b2061fcb3add98b7aebf73bb"
        },
        {
          "type": "icon",
          "assetId": "AfWZUvpHcNEt",
          "checksum": "2798d319472bc454864d43a84cd74f2a"
        },
        {
          "type": "image",
          "assetId": "UwKI8cVhMybr",
          "checksum": "c929259129daca0b308c47f0eedd174d"
        },
        {
          "type": "image",
          "assetId": "Nz-WbaISyU6H",
          "checksum": "b1a00b5bc9372ccabd2ab44dd575491a"
        },
        {
          "type": "image",
          "assetId": "-CzJUbgUSIsJ",
          "checksum": "177389ce299a4613d557c68d8f3d0ef4"
        },
        {
          "type": "image",
          "assetId": "xOG00iCWUMp7",
          "checksum": "dff5c5b6063ec0a9570cf77076ac0786"
        },
        {
          "type": "image",
          "assetId": "5fhQImKdEqmI",
          "checksum": "35f60e7bc37f61c19119a6e16ecc2522"
        },
        {
          "type": "image",
          "assetId": "Y-S77YjlV2cK",
          "checksum": "14214d35546d1592beb3251db03c529b"
        },
        {
          "type": "image",
          "assetId": "5gDK9uNG4QoD",
          "checksum": "795e55dd1bb11a0e981a3c2cbdc72803"
        },
        {
          "type": "image",
          "assetId": "qlrzyVle8vAJ",
          "checksum": "2d000b8950b6199d99ca1312d06db549"
        },
        {
          "type": "image",
          "assetId": "b3gOEiHbtA5m",
          "checksum": "8faa11fff52af8b74cefd79cdc9b9ba0"
        },
        {
          "type": "image",
          "assetId": "aCERYOLeFKSI",
          "checksum": "c67c7e6e96b30e39715c4222d052565d"
        },
        {
          "type": "image",
          "assetId": "jGIPZoOeUm29",
          "checksum": "9522f4cb5a1c3178b072e4046b5bb0f5"
        },
        {
          "type": "image",
          "assetId": "ocWpAhhVPZBU",
          "checksum": "5ed747e0494e3d90c2e45ca9beeca811"
        },
        {
          "type": "image",
          "assetId": "wM7uGU4noRt0",
          "checksum": "754f37d46cf64959638d9c61b9405fb3"
        },
        {
          "type": "image",
          "assetId": "HKQMnvAkvoiq",
          "checksum": "1c1fc28eb278fe7d85c7740e31b8301f"
        },
        {
          "type": "image",
          "assetId": "vj2FGwRfTGD9",
          "checksum": "91cc59e34856cc06ac83072003f7c47f"
        },
        {
          "type": "image",
          "assetId": "ggojG-tSjus4",
          "checksum": "9b2a31ff92ca887deb3d463582ec82eb"
        },
        {
          "type": "image",
          "assetId": "6ZUO0lhS3BJo",
          "checksum": "b7079d830cc1ac53a134585ac34262eb"
        },
        {
          "type": "image",
          "assetId": "PsnN7r7uHBBm",
          "checksum": "b5ce297ebf582632185c7d4526b1bb05"
        },
        {
          "type": "image",
          "assetId": "8Mo-g1El3pb7",
          "checksum": "40275d252e59314811fb043bd02e2de2"
        },
        {
          "type": "image",
          "assetId": "c-v9_zVhol-u",
          "checksum": "2cb7686f9d88d697b3388d49a03f98ce"
        },
        {
          "type": "image",
          "assetId": "l4gNPpaMOJG9",
          "checksum": "498072830f74d87aa84d79712fd5c089"
        },
        {
          "type": "image",
          "assetId": "SbHvzsrNSrUt",
          "checksum": "12e7018b70d44973997c20b49a2402e8"
        },
        {
          "type": "image",
          "assetId": "Nw7cbTFn4koP",
          "checksum": "301e5394fbd000122652937bf2b396eb"
        },
        {
          "type": "image",
          "assetId": "Nb_wzi4t1Qwa",
          "checksum": "ae260baaf2ae7222f78f608204eb00a0"
        },
        {
          "type": "image",
          "assetId": "jXXVMTutNIKi",
          "checksum": "06bc0c0b17b5b0074f8b1cdee3d14251"
        },
        {
          "type": "image",
          "assetId": "wBB87RosQsOv",
          "checksum": "e7261440e9e026531b81b16899c13f81"
        },
        {
          "type": "image",
          "assetId": "HzFAr2YGQvz_",
          "checksum": "40be4453b3a1d47503a59b910d2e503f"
        },
        {
          "type": "image",
          "assetId": "8_xuwRUvBDE-",
          "checksum": "9c92a19ae393166565912d2a4d922764"
        },
        {
          "type": "image",
          "assetId": "HWSn94536qfk",
          "checksum": "e62b19a92346cb6fb6502140624cd463"
        },
        {
          "type": "image",
          "assetId": "9s3rIQTZaVLo",
          "checksum": "0d375fcc59e296f59ff5ea5b4a9b6254"
        },
        {
          "type": "image",
          "assetId": "9-J5CZ1cHX9K",
          "checksum": "0275db504715d165f02f9b276d6ab1a8"
        },
        {
          "type": "image",
          "assetId": "NIKAraeY2SXQ",
          "checksum": "e9cb5d0d91541b7171419008bdb5ac91"
        },
        {
          "type": "image",
          "assetId": "qV-iqItXqihE",
          "checksum": "83655d14e2565dffc36204aa51d7edaa"
        },
        {
          "type": "image",
          "assetId": "aw7zShyq3_nn",
          "checksum": "f6e7cd6f0f909613127f732795fa52a9"
        },
        {
          "type": "image",
          "assetId": "jM3osWbOXils",
          "checksum": "29e4698df33fa6524187a8b0e1f31c76"
        },
        {
          "type": "image",
          "assetId": "9DXqHfzygdN7",
          "checksum": "5d72c2b07f972b900eedf6d9bb116436"
        },
        {
          "type": "image",
          "assetId": "fTOBdgt3bmJf",
          "checksum": "a71c43c1bfb9cd1bf9f557a59f9954ea"
        },
        {
          "type": "image",
          "assetId": "fkWFQJXLnsW0",
          "checksum": "21af25acb4c29e676b3cdfabef72eeb5"
        },
        {
          "type": "image",
          "assetId": "93uBMz878HKe",
          "checksum": "99f78bff562535ff6208dc5515bdf11f"
        },
        {
          "type": "image",
          "assetId": "ek46C_sg0knW",
          "checksum": "ddd33bc826cdade0c5f5f5a462ea03d1"
        },
        {
          "type": "image",
          "assetId": "TIOuBGRGZBEc",
          "checksum": "6b4ea5a5c7ff98cd5585bf270d3d67af"
        },
        {
          "type": "image",
          "assetId": "ICQPzI7ZSzwH",
          "checksum": "b62bb60958916f6b67cb5d837366348f"
        },
        {
          "type": "image",
          "assetId": "VeshkaRVvjU6",
          "checksum": "e4dc9dd1da1a88ef83ad9431350dcda5"
        },
        {
          "type": "image",
          "assetId": "EvpNQwJFT1n2",
          "checksum": "b6fbb063cb1e31e95469270a422b1e98"
        },
        {
          "type": "image",
          "assetId": "-PATRuk9YSbQ",
          "checksum": "166858f4a2c221e95c54461087b2be3e"
        },
        {
          "type": "image",
          "assetId": "FezP5fagbaK7",
          "checksum": "5125dd5b5fa60dd55dd8d5750293797c"
        },
        {
          "type": "image",
          "assetId": "mZGJtqzURVFz",
          "checksum": "dae3ae72b192a76adda401f9c612eaa9"
        },
        {
          "type": "image",
          "assetId": "Os0i8ywGTmVh",
          "checksum": "8734bca02d2fe985db0164e9da36b202"
        },
        {
          "type": "image",
          "assetId": "RzKb4LMiv1HI",
          "checksum": "329a29ba437b0a1a5c74ee8fc3f95b9a"
        },
        {
          "type": "image",
          "assetId": "XPtmNlfZY-8N",
          "checksum": "ca6f368e4254f88d8e6171aa5c9ffd72"
        },
        {
          "type": "image",
          "assetId": "_0v4RbY_M9dY",
          "checksum": "a138d586d3c2ac1731577531a6186b31"
        },
        {
          "type": "image",
          "assetId": "hh8b6NTFCeBf",
          "checksum": "4cbf3bf1c434df9137523bc36f3c138c"
        },
        {
          "type": "image",
          "assetId": "zyjjTwvU_Hc3",
          "checksum": "3fbb3c47938fa8f48723e58434c92317"
        },
        {
          "type": "image",
          "assetId": "XVwiN78q6tm_",
          "checksum": "5d8ec9d9dd8e87a8ce9288bbb9a37283"
        },
        {
          "type": "image",
          "assetId": "4JyHIsEktzWO",
          "checksum": "1a1990c05be0a0d0c6f2decb7d9fccaa"
        },
        {
          "type": "image",
          "assetId": "W8XshRLL6rnT",
          "checksum": "b44e9930f1324836b378078d44a98ed9"
        },
        {
          "type": "image",
          "assetId": "l-OWhKGV6PgU",
          "checksum": "09e170b172f712946cd0cff20a91f927"
        },
        {
          "type": "image",
          "assetId": "wyCJdSGWnTff",
          "checksum": "acac04ff42396523e74a6cf2ac65518b"
        },
        {
          "type": "image",
          "assetId": "upegGkjA74lc",
          "checksum": "5314fea377dfd669474cd9646a334d0f"
        },
        {
          "type": "image",
          "assetId": "fDCSrkblYVt-",
          "checksum": "7cc9d41dac2a392ae7f906df8c3722ee"
        },
        {
          "type": "image",
          "assetId": "9wkzn0QTDEak",
          "checksum": "0902d217b07a65786b4298db48b84a05"
        },
        {
          "type": "image",
          "assetId": "O5Ea5Sn3t1LV",
          "checksum": "112760ea5e85652f93baec2fc5b4b061"
        },
        {
          "type": "image",
          "assetId": "ZpRaCD2n2h4S",
          "checksum": "3c48f3407829b96e8835f80dfd591667"
        },
        {
          "type": "image",
          "assetId": "a2NBfYzUtpp9",
          "checksum": "6c26c2ec046cae4bd433f44ad74ee840"
        },
        {
          "type": "image",
          "assetId": "Et3A6_1P4jYl",
          "checksum": "1f0aeb9f2a5d142ab9032d6347256f78"
        },
        {
          "type": "image",
          "assetId": "72OuSoVGoNjH",
          "checksum": "126ecd9b6461d4d6baf7b26423c2e851"
        },
        {
          "type": "image",
          "assetId": "-BM-V7l0sxJv",
          "checksum": "cf1b45fdf7ca165291a11fd8f37e2792"
        },
        {
          "type": "image",
          "assetId": "a_V0P3KHArRr",
          "checksum": "5bfd45766f37f2f1e63962dce87dfdae"
        },
        {
          "type": "image",
          "assetId": "UpoG54u6ahjQ",
          "checksum": "f1defbec87d9efbe87f636f46628ff60"
        },
        {
          "type": "image",
          "assetId": "CB0S9lx1FQhE",
          "checksum": "ba4fe3018e340efe25538902372d44f1"
        },
        {
          "type": "image",
          "assetId": "_Y-OOQk_cmym",
          "checksum": "9b6b6ba06595bba6342a70961d43e0d1"
        },
        {
          "type": "image",
          "assetId": "EfqCciTtWD2I",
          "checksum": "b055750cc6e36b37d5f6df01c0d63af7"
        },
        {
          "type": "image",
          "assetId": "f9aOmLzbgALs",
          "checksum": "4a91bdb69288144b0c1568c4055da880"
        },
        {
          "type": "image",
          "assetId": "LBpoorJ6dnOy",
          "checksum": "e7aae11b3eb65b29f14d092baeca6674"
        }
      ],
      "codegenVersion": "0.0.1"
    }
  ],
  "cliVersion": "0.1.334"
}
